// !$*UTF8*$!
{
	archiveVersion = 1;
	classes = {
	};
	objectVersion = 46;
	objects = {

/* Begin PBXBuildFile section */
		2558B59E1973D5070017C029 /* AnswerBuilder.m in Sources */ = {isa = PBXBuildFile; fileRef = 2558B59D1973D5070017C029 /* AnswerBuilder.m */; };
		2558B5A01973D5290017C029 /* AnswerBuilderTests.m in Sources */ = {isa = PBXBuildFile; fileRef = 2558B59F1973D5290017C029 /* AnswerBuilderTests.m */; };
		2558B5A11973D7A50017C029 /* AnswerBuilder.m in Sources */ = {isa = PBXBuildFile; fileRef = 2558B59D1973D5070017C029 /* AnswerBuilder.m */; };
		2558B5A5197407A40017C029 /* PersonBuilderTests.m in Sources */ = {isa = PBXBuildFile; fileRef = 2558B5A4197407A40017C029 /* PersonBuilderTests.m */; };
		2558B5A8197407B40017C029 /* PersonBuilder.m in Sources */ = {isa = PBXBuildFile; fileRef = 2558B5A7197407B40017C029 /* PersonBuilder.m */; };
		2558B5A9197407B40017C029 /* PersonBuilder.m in Sources */ = {isa = PBXBuildFile; fileRef = 2558B5A7197407B40017C029 /* PersonBuilder.m */; };
		2558B5AB197427AE0017C029 /* StackOverflowCommunicatorTests.m in Sources */ = {isa = PBXBuildFile; fileRef = 2558B5AA197427AE0017C029 /* StackOverflowCommunicatorTests.m */; };
		2558B5AE19742BBD0017C029 /* InspectableStackOverflowCommunicator.m in Sources */ = {isa = PBXBuildFile; fileRef = 2558B5AD19742BBD0017C029 /* InspectableStackOverflowCommunicator.m */; };
		25A4C1B0192CF8A700221A47 /* QuestionBuilderTests.m in Sources */ = {isa = PBXBuildFile; fileRef = 25A4C1AF192CF8A700221A47 /* QuestionBuilderTests.m */; };
		25AD59CA19210B70003DDC36 /* QuestionBuilder.m in Sources */ = {isa = PBXBuildFile; fileRef = 25AD59C919210B70003DDC36 /* QuestionBuilder.m */; };
		25AD59CB19210B70003DDC36 /* QuestionBuilder.m in Sources */ = {isa = PBXBuildFile; fileRef = 25AD59C919210B70003DDC36 /* QuestionBuilder.m */; };
		25AD59CE19210BEE003DDC36 /* FakeQuestionBuilder.m in Sources */ = {isa = PBXBuildFile; fileRef = 25AD59CD19210BEE003DDC36 /* FakeQuestionBuilder.m */; };
		25ADEC111920D948008FC329 /* StackOverflowCommunicator.m in Sources */ = {isa = PBXBuildFile; fileRef = 25ADEC101920D948008FC329 /* StackOverflowCommunicator.m */; };
		25ADEC121920D948008FC329 /* StackOverflowCommunicator.m in Sources */ = {isa = PBXBuildFile; fileRef = 25ADEC101920D948008FC329 /* StackOverflowCommunicator.m */; };
		25ADEC161920D977008FC329 /* MockStackOverflowCommunicator.m in Sources */ = {isa = PBXBuildFile; fileRef = 25ADEC151920D977008FC329 /* MockStackOverflowCommunicator.m */; };
		25AEC9FC192E1FD60076E1B7 /* TopicTests.m in Sources */ = {isa = PBXBuildFile; fileRef = 25AEC9FB192E1FD60076E1B7 /* TopicTests.m */; };
		25AF527D19A37BD8003E2EBC /* NonNetworkedStackOverflowCommunicator.m in Sources */ = {isa = PBXBuildFile; fileRef = 25AF527C19A37BD8003E2EBC /* NonNetworkedStackOverflowCommunicator.m */; };
		25CF7FAC1906C49D00012DE1 /* QuestionCreationWorkflowTests.m in Sources */ = {isa = PBXBuildFile; fileRef = 25CF7FAB1906C49D00012DE1 /* QuestionCreationWorkflowTests.m */; };
		25CF7FAF1906C63600012DE1 /* StackOverflowManager.m in Sources */ = {isa = PBXBuildFile; fileRef = 25CF7FAE1906C63600012DE1 /* StackOverflowManager.m */; };
		25CF7FB01906C63600012DE1 /* StackOverflowManager.m in Sources */ = {isa = PBXBuildFile; fileRef = 25CF7FAE1906C63600012DE1 /* StackOverflowManager.m */; };
		25CF7FB51906C74700012DE1 /* MockStackOverflowManagerDelegate.m in Sources */ = {isa = PBXBuildFile; fileRef = 25CF7FB41906C74700012DE1 /* MockStackOverflowManagerDelegate.m */; };
		B73A3029D7E48D392E3F1101 /* Topic.m in Sources */ = {isa = PBXBuildFile; fileRef = B73A303CFC498F5B20B4D5DE /* Topic.m */; };
		B73A30F911679C2C537FC1BC /* Answer.m in Sources */ = {isa = PBXBuildFile; fileRef = B73A3B15552495635024A2D7 /* Answer.m */; };
		B73A314664A7A84BC27868A6 /* UIKit.framework in Frameworks */ = {isa = PBXBuildFile; fileRef = B73A367161A2D68E0D9BD2EB /* UIKit.framework */; };
		B73A31E9BB18AB1C949DC6AB /* Question.m in Sources */ = {isa = PBXBuildFile; fileRef = B73A3B872AEDE0E5DF1231FB /* Question.m */; };
		B73A327C18D84CC5C9AFF2EF /* XCTest.framework in Frameworks */ = {isa = PBXBuildFile; fileRef = B73A3BCFFF97A10E68DE64D4 /* XCTest.framework */; };
		B73A3299D1B45B351106FD7E /* Foundation.framework in Frameworks */ = {isa = PBXBuildFile; fileRef = B73A3F63637A236A74701773 /* Foundation.framework */; };
		B73A33871179301F20D9B40E /* InfoPlist.strings in Resources */ = {isa = PBXBuildFile; fileRef = B73A3B1AE7AEB059EC6C2CA5 /* InfoPlist.strings */; };
		B73A339EA8F2823995585CD2 /* Images.xcassets in Resources */ = {isa = PBXBuildFile; fileRef = B73A3123BEB0E2BE91C503A1 /* Images.xcassets */; };
		B73A35F6FA690DDC4EC3E301 /* Question.m in Sources */ = {isa = PBXBuildFile; fileRef = B73A3B872AEDE0E5DF1231FB /* Question.m */; };
		B73A36DE93CD0EB74E1B489E /* Person.m in Sources */ = {isa = PBXBuildFile; fileRef = B73A36FBA2C807280D3D945B /* Person.m */; };
		B73A374662AFD6CAC39080A1 /* Answer.m in Sources */ = {isa = PBXBuildFile; fileRef = B73A3B15552495635024A2D7 /* Answer.m */; };
		B73A38D49C2FA0E457D9DC94 /* BOAppDelegate.m in Sources */ = {isa = PBXBuildFile; fileRef = B73A37D1F53FB50185516499 /* BOAppDelegate.m */; };
		B73A3903047A9664DA2AA4D1 /* UIKit.framework in Frameworks */ = {isa = PBXBuildFile; fileRef = B73A367161A2D68E0D9BD2EB /* UIKit.framework */; };
		B73A3957D33E4F9BD8AD7A50 /* Topic.m in Sources */ = {isa = PBXBuildFile; fileRef = B73A303CFC498F5B20B4D5DE /* Topic.m */; };
		B73A396612F6C20450513C0F /* main.m in Sources */ = {isa = PBXBuildFile; fileRef = B73A3BEC917BC828C06D9B81 /* main.m */; };
		B73A398FC9D4FCCD1D6FE711 /* PersonTests.m in Sources */ = {isa = PBXBuildFile; fileRef = B73A3EFEB22E1C28A3BD01FC /* PersonTests.m */; };
		B73A3999670E1A57CD4D7ECB /* BOViewController.m in Sources */ = {isa = PBXBuildFile; fileRef = B73A39C695ACE26259DBDA8E /* BOViewController.m */; };
		B73A3999AB66B4B304D4F780 /* Main.storyboard in Resources */ = {isa = PBXBuildFile; fileRef = B73A35431909D93104DF5C1A /* Main.storyboard */; };
		B73A3AB923FDB9ED9DDDD67B /* AnswerTests.m in Sources */ = {isa = PBXBuildFile; fileRef = B73A3C995F902056B8063B21 /* AnswerTests.m */; };
		B73A3B71E829F817B9E77EE2 /* Person.m in Sources */ = {isa = PBXBuildFile; fileRef = B73A36FBA2C807280D3D945B /* Person.m */; };
		B73A3C499BE23ED00BC45CA5 /* InfoPlist.strings in Resources */ = {isa = PBXBuildFile; fileRef = B73A3F1C3C585A7E5E649ACC /* InfoPlist.strings */; };
		B73A3C7CE707349B8EE50FD0 /* QuestionTests.m in Sources */ = {isa = PBXBuildFile; fileRef = B73A3920519105ABB6688C3F /* QuestionTests.m */; };
		B73A3E70BD1AD0247562DACB /* CoreGraphics.framework in Frameworks */ = {isa = PBXBuildFile; fileRef = B73A3E6B27A2F5A0AAC2E2C8 /* CoreGraphics.framework */; };
		B73A3F383DC6310C4A3EAA5D /* Foundation.framework in Frameworks */ = {isa = PBXBuildFile; fileRef = B73A3F63637A236A74701773 /* Foundation.framework */; };
/* End PBXBuildFile section */

/* Begin PBXContainerItemProxy section */
		B73A3C60DEACE703707A750D /* PBXContainerItemProxy */ = {
			isa = PBXContainerItemProxy;
			containerPortal = B73A3A01633EE599942048EA /* Project object */;
			proxyType = 1;
			remoteGlobalIDString = B73A3727A5B8057E4CBD260F;
			remoteInfo = BrowseOverflow;
		};
/* End PBXContainerItemProxy section */

/* Begin PBXFileReference section */
		2558B59C1973D5070017C029 /* AnswerBuilder.h */ = {isa = PBXFileReference; fileEncoding = 4; lastKnownFileType = sourcecode.c.h; path = AnswerBuilder.h; sourceTree = "<group>"; };
		2558B59D1973D5070017C029 /* AnswerBuilder.m */ = {isa = PBXFileReference; fileEncoding = 4; lastKnownFileType = sourcecode.c.objc; path = AnswerBuilder.m; sourceTree = "<group>"; };
		2558B59F1973D5290017C029 /* AnswerBuilderTests.m */ = {isa = PBXFileReference; fileEncoding = 4; lastKnownFileType = sourcecode.c.objc; path = AnswerBuilderTests.m; sourceTree = "<group>"; };
		2558B5A4197407A40017C029 /* PersonBuilderTests.m */ = {isa = PBXFileReference; fileEncoding = 4; lastKnownFileType = sourcecode.c.objc; path = PersonBuilderTests.m; sourceTree = "<group>"; };
		2558B5A6197407B40017C029 /* PersonBuilder.h */ = {isa = PBXFileReference; fileEncoding = 4; lastKnownFileType = sourcecode.c.h; path = PersonBuilder.h; sourceTree = "<group>"; };
		2558B5A7197407B40017C029 /* PersonBuilder.m */ = {isa = PBXFileReference; fileEncoding = 4; lastKnownFileType = sourcecode.c.objc; path = PersonBuilder.m; sourceTree = "<group>"; };
		2558B5AA197427AE0017C029 /* StackOverflowCommunicatorTests.m */ = {isa = PBXFileReference; fileEncoding = 4; lastKnownFileType = sourcecode.c.objc; path = StackOverflowCommunicatorTests.m; sourceTree = "<group>"; };
		2558B5AC19742BBD0017C029 /* InspectableStackOverflowCommunicator.h */ = {isa = PBXFileReference; fileEncoding = 4; lastKnownFileType = sourcecode.c.h; path = InspectableStackOverflowCommunicator.h; sourceTree = "<group>"; };
		2558B5AD19742BBD0017C029 /* InspectableStackOverflowCommunicator.m */ = {isa = PBXFileReference; fileEncoding = 4; lastKnownFileType = sourcecode.c.objc; path = InspectableStackOverflowCommunicator.m; sourceTree = "<group>"; };
		25A4C1AF192CF8A700221A47 /* QuestionBuilderTests.m */ = {isa = PBXFileReference; fileEncoding = 4; lastKnownFileType = sourcecode.c.objc; path = QuestionBuilderTests.m; sourceTree = "<group>"; };
		25AD59C819210B70003DDC36 /* QuestionBuilder.h */ = {isa = PBXFileReference; fileEncoding = 4; lastKnownFileType = sourcecode.c.h; path = QuestionBuilder.h; sourceTree = "<group>"; };
		25AD59C919210B70003DDC36 /* QuestionBuilder.m */ = {isa = PBXFileReference; fileEncoding = 4; lastKnownFileType = sourcecode.c.objc; path = QuestionBuilder.m; sourceTree = "<group>"; };
		25AD59CC19210BEE003DDC36 /* FakeQuestionBuilder.h */ = {isa = PBXFileReference; fileEncoding = 4; lastKnownFileType = sourcecode.c.h; path = FakeQuestionBuilder.h; sourceTree = "<group>"; };
		25AD59CD19210BEE003DDC36 /* FakeQuestionBuilder.m */ = {isa = PBXFileReference; fileEncoding = 4; lastKnownFileType = sourcecode.c.objc; path = FakeQuestionBuilder.m; sourceTree = "<group>"; };
		25ADEC0F1920D948008FC329 /* StackOverflowCommunicator.h */ = {isa = PBXFileReference; fileEncoding = 4; lastKnownFileType = sourcecode.c.h; path = StackOverflowCommunicator.h; sourceTree = "<group>"; };
		25ADEC101920D948008FC329 /* StackOverflowCommunicator.m */ = {isa = PBXFileReference; fileEncoding = 4; lastKnownFileType = sourcecode.c.objc; path = StackOverflowCommunicator.m; sourceTree = "<group>"; };
		25ADEC141920D977008FC329 /* MockStackOverflowCommunicator.h */ = {isa = PBXFileReference; fileEncoding = 4; lastKnownFileType = sourcecode.c.h; path = MockStackOverflowCommunicator.h; sourceTree = "<group>"; };
		25ADEC151920D977008FC329 /* MockStackOverflowCommunicator.m */ = {isa = PBXFileReference; fileEncoding = 4; lastKnownFileType = sourcecode.c.objc; path = MockStackOverflowCommunicator.m; sourceTree = "<group>"; };
		25AEC9FB192E1FD60076E1B7 /* TopicTests.m */ = {isa = PBXFileReference; fileEncoding = 4; lastKnownFileType = sourcecode.c.objc; path = TopicTests.m; sourceTree = "<group>"; };
		25AF527B19A37BD8003E2EBC /* NonNetworkedStackOverflowCommunicator.h */ = {isa = PBXFileReference; fileEncoding = 4; lastKnownFileType = sourcecode.c.h; path = NonNetworkedStackOverflowCommunicator.h; sourceTree = "<group>"; };
		25AF527C19A37BD8003E2EBC /* NonNetworkedStackOverflowCommunicator.m */ = {isa = PBXFileReference; fileEncoding = 4; lastKnownFileType = sourcecode.c.objc; path = NonNetworkedStackOverflowCommunicator.m; sourceTree = "<group>"; };
		25AF527E19A39DE3003E2EBC /* StackOverflowCommunicatorDelegate.h */ = {isa = PBXFileReference; lastKnownFileType = sourcecode.c.h; path = StackOverflowCommunicatorDelegate.h; sourceTree = "<group>"; };
		25CF7FAB1906C49D00012DE1 /* QuestionCreationWorkflowTests.m */ = {isa = PBXFileReference; fileEncoding = 4; lastKnownFileType = sourcecode.c.objc; path = QuestionCreationWorkflowTests.m; sourceTree = "<group>"; };
		25CF7FAD1906C63600012DE1 /* StackOverflowManager.h */ = {isa = PBXFileReference; fileEncoding = 4; lastKnownFileType = sourcecode.c.h; path = StackOverflowManager.h; sourceTree = "<group>"; };
		25CF7FAE1906C63600012DE1 /* StackOverflowManager.m */ = {isa = PBXFileReference; fileEncoding = 4; lastKnownFileType = sourcecode.c.objc; path = StackOverflowManager.m; sourceTree = "<group>"; };
		25CF7FB21906C6EF00012DE1 /* StackOverflowManagerDelegate.h */ = {isa = PBXFileReference; fileEncoding = 4; lastKnownFileType = sourcecode.c.h; path = StackOverflowManagerDelegate.h; sourceTree = "<group>"; };
		25CF7FB31906C74700012DE1 /* MockStackOverflowManagerDelegate.h */ = {isa = PBXFileReference; fileEncoding = 4; lastKnownFileType = sourcecode.c.h; path = MockStackOverflowManagerDelegate.h; sourceTree = "<group>"; };
		25CF7FB41906C74700012DE1 /* MockStackOverflowManagerDelegate.m */ = {isa = PBXFileReference; fileEncoding = 4; lastKnownFileType = sourcecode.c.objc; path = MockStackOverflowManagerDelegate.m; sourceTree = "<group>"; };
		B73A303CFC498F5B20B4D5DE /* Topic.m */ = {isa = PBXFileReference; fileEncoding = 4; lastKnownFileType = sourcecode.c.objc; path = Topic.m; sourceTree = "<group>"; };
		B73A3066E9BFA0CBDC133F73 /* Person.h */ = {isa = PBXFileReference; fileEncoding = 4; lastKnownFileType = sourcecode.c.h; path = Person.h; sourceTree = "<group>"; };
		B73A3080BD4A0156B14D9FBE /* Base */ = {isa = PBXFileReference; lastKnownFileType = file.storyboard; name = Base; path = Base.lproj/Main.storyboard; sourceTree = "<group>"; };
		B73A3123BEB0E2BE91C503A1 /* Images.xcassets */ = {isa = PBXFileReference; lastKnownFileType = folder.assetcatalog; path = Images.xcassets; sourceTree = "<group>"; };
		B73A325ACB0533F5877EC7DB /* Answer.h */ = {isa = PBXFileReference; fileEncoding = 4; lastKnownFileType = sourcecode.c.h; path = Answer.h; sourceTree = "<group>"; };
		B73A32BED2882B69612096CE /* Topic.h */ = {isa = PBXFileReference; fileEncoding = 4; lastKnownFileType = sourcecode.c.h; path = Topic.h; sourceTree = "<group>"; };
		B73A352F5017298B9CE628FB /* BOViewController.h */ = {isa = PBXFileReference; lastKnownFileType = sourcecode.c.h; path = BOViewController.h; sourceTree = "<group>"; };
		B73A3663A8D4C557FCA94BE5 /* BOAppDelegate.h */ = {isa = PBXFileReference; lastKnownFileType = sourcecode.c.h; path = BOAppDelegate.h; sourceTree = "<group>"; };
		B73A367161A2D68E0D9BD2EB /* UIKit.framework */ = {isa = PBXFileReference; lastKnownFileType = wrapper.framework; name = UIKit.framework; path = System/Library/Frameworks/UIKit.framework; sourceTree = SDKROOT; };
		B73A36FBA2C807280D3D945B /* Person.m */ = {isa = PBXFileReference; fileEncoding = 4; lastKnownFileType = sourcecode.c.objc; path = Person.m; sourceTree = "<group>"; };
		B73A3711660FF6BCC062996A /* BrowseOverflow-Prefix.pch */ = {isa = PBXFileReference; lastKnownFileType = sourcecode.c.h; path = "BrowseOverflow-Prefix.pch"; sourceTree = "<group>"; };
		B73A37D1F53FB50185516499 /* BOAppDelegate.m */ = {isa = PBXFileReference; lastKnownFileType = sourcecode.c.objc; path = BOAppDelegate.m; sourceTree = "<group>"; };
		B73A382EBDBC6067FB9B1284 /* en */ = {isa = PBXFileReference; lastKnownFileType = text.plist.strings; name = en; path = en.lproj/InfoPlist.strings; sourceTree = "<group>"; };
		B73A3872E6467705862F4395 /* BrowseOverflowTests.xctest */ = {isa = PBXFileReference; explicitFileType = wrapper.cfbundle; includeInIndex = 0; path = BrowseOverflowTests.xctest; sourceTree = BUILT_PRODUCTS_DIR; };
		B73A3920519105ABB6688C3F /* QuestionTests.m */ = {isa = PBXFileReference; fileEncoding = 4; lastKnownFileType = sourcecode.c.objc; path = QuestionTests.m; sourceTree = "<group>"; };
		B73A39782AFB182492731309 /* BrowseOverflowTests-Info.plist */ = {isa = PBXFileReference; lastKnownFileType = text.plist.info; path = "BrowseOverflowTests-Info.plist"; sourceTree = "<group>"; };
		B73A39C695ACE26259DBDA8E /* BOViewController.m */ = {isa = PBXFileReference; lastKnownFileType = sourcecode.c.objc; path = BOViewController.m; sourceTree = "<group>"; };
		B73A3A6E01B59E49661702C0 /* Question.h */ = {isa = PBXFileReference; fileEncoding = 4; lastKnownFileType = sourcecode.c.h; path = Question.h; sourceTree = "<group>"; };
		B73A3B15552495635024A2D7 /* Answer.m */ = {isa = PBXFileReference; fileEncoding = 4; lastKnownFileType = sourcecode.c.objc; path = Answer.m; sourceTree = "<group>"; };
		B73A3B872AEDE0E5DF1231FB /* Question.m */ = {isa = PBXFileReference; fileEncoding = 4; lastKnownFileType = sourcecode.c.objc; path = Question.m; sourceTree = "<group>"; };
		B73A3BCFFF97A10E68DE64D4 /* XCTest.framework */ = {isa = PBXFileReference; lastKnownFileType = wrapper.framework; name = XCTest.framework; path = Library/Frameworks/XCTest.framework; sourceTree = DEVELOPER_DIR; };
		B73A3BEC917BC828C06D9B81 /* main.m */ = {isa = PBXFileReference; lastKnownFileType = sourcecode.c.objc; path = main.m; sourceTree = "<group>"; };
		B73A3C273F77CF75263965E6 /* BrowseOverflow-Info.plist */ = {isa = PBXFileReference; lastKnownFileType = text.plist.info; path = "BrowseOverflow-Info.plist"; sourceTree = "<group>"; };
		B73A3C995F902056B8063B21 /* AnswerTests.m */ = {isa = PBXFileReference; fileEncoding = 4; lastKnownFileType = sourcecode.c.objc; path = AnswerTests.m; sourceTree = "<group>"; };
		B73A3D306B17DB7E5331A4A8 /* BrowseOverflow.app */ = {isa = PBXFileReference; explicitFileType = wrapper.application; includeInIndex = 0; path = BrowseOverflow.app; sourceTree = BUILT_PRODUCTS_DIR; };
		B73A3E6B27A2F5A0AAC2E2C8 /* CoreGraphics.framework */ = {isa = PBXFileReference; lastKnownFileType = wrapper.framework; name = CoreGraphics.framework; path = System/Library/Frameworks/CoreGraphics.framework; sourceTree = SDKROOT; };
		B73A3E74479AE30F03B20A67 /* en */ = {isa = PBXFileReference; lastKnownFileType = text.plist.strings; name = en; path = en.lproj/InfoPlist.strings; sourceTree = "<group>"; };
		B73A3EFEB22E1C28A3BD01FC /* PersonTests.m */ = {isa = PBXFileReference; fileEncoding = 4; lastKnownFileType = sourcecode.c.objc; path = PersonTests.m; sourceTree = "<group>"; };
		B73A3F63637A236A74701773 /* Foundation.framework */ = {isa = PBXFileReference; lastKnownFileType = wrapper.framework; name = Foundation.framework; path = System/Library/Frameworks/Foundation.framework; sourceTree = SDKROOT; };
/* End PBXFileReference section */

/* Begin PBXFrameworksBuildPhase section */
		B73A35F13C95EB2C8F057007 /* Frameworks */ = {
			isa = PBXFrameworksBuildPhase;
			buildActionMask = 2147483647;
			files = (
				B73A327C18D84CC5C9AFF2EF /* XCTest.framework in Frameworks */,
				B73A3F383DC6310C4A3EAA5D /* Foundation.framework in Frameworks */,
				B73A314664A7A84BC27868A6 /* UIKit.framework in Frameworks */,
			);
			runOnlyForDeploymentPostprocessing = 0;
		};
		B73A366DADE2FB7275C0B9EA /* Frameworks */ = {
			isa = PBXFrameworksBuildPhase;
			buildActionMask = 2147483647;
			files = (
				B73A3299D1B45B351106FD7E /* Foundation.framework in Frameworks */,
				B73A3E70BD1AD0247562DACB /* CoreGraphics.framework in Frameworks */,
				B73A3903047A9664DA2AA4D1 /* UIKit.framework in Frameworks */,
			);
			runOnlyForDeploymentPostprocessing = 0;
		};
/* End PBXFrameworksBuildPhase section */

/* Begin PBXGroup section */
		25ADEC091920D73F008FC329 /* Protocols */ = {
			isa = PBXGroup;
			children = (
				25CF7FB21906C6EF00012DE1 /* StackOverflowManagerDelegate.h */,
				25AF527E19A39DE3003E2EBC /* StackOverflowCommunicatorDelegate.h */,
			);
			path = Protocols;
			sourceTree = "<group>";
		};
		25ADEC0A1920D75E008FC329 /* ViewControllers */ = {
			isa = PBXGroup;
			children = (
				B73A352F5017298B9CE628FB /* BOViewController.h */,
				B73A39C695ACE26259DBDA8E /* BOViewController.m */,
			);
			path = ViewControllers;
			sourceTree = "<group>";
		};
		25ADEC0B1920D76D008FC329 /* Controllers */ = {
			isa = PBXGroup;
			children = (
				25ADEC0F1920D948008FC329 /* StackOverflowCommunicator.h */,
				25ADEC101920D948008FC329 /* StackOverflowCommunicator.m */,
				25CF7FAD1906C63600012DE1 /* StackOverflowManager.h */,
				25CF7FAE1906C63600012DE1 /* StackOverflowManager.m */,
				25AD59C819210B70003DDC36 /* QuestionBuilder.h */,
				25AD59C919210B70003DDC36 /* QuestionBuilder.m */,
				2558B59C1973D5070017C029 /* AnswerBuilder.h */,
				2558B59D1973D5070017C029 /* AnswerBuilder.m */,
				2558B5A6197407B40017C029 /* PersonBuilder.h */,
				2558B5A7197407B40017C029 /* PersonBuilder.m */,
			);
			path = Controllers;
			sourceTree = "<group>";
		};
		25ADEC131920D952008FC329 /* Mocks */ = {
			isa = PBXGroup;
			children = (
				25CF7FB31906C74700012DE1 /* MockStackOverflowManagerDelegate.h */,
				25CF7FB41906C74700012DE1 /* MockStackOverflowManagerDelegate.m */,
				25ADEC141920D977008FC329 /* MockStackOverflowCommunicator.h */,
				25ADEC151920D977008FC329 /* MockStackOverflowCommunicator.m */,
				25AD59CC19210BEE003DDC36 /* FakeQuestionBuilder.h */,
				25AD59CD19210BEE003DDC36 /* FakeQuestionBuilder.m */,
				2558B5AC19742BBD0017C029 /* InspectableStackOverflowCommunicator.h */,
				2558B5AD19742BBD0017C029 /* InspectableStackOverflowCommunicator.m */,
				25AF527B19A37BD8003E2EBC /* NonNetworkedStackOverflowCommunicator.h */,
				25AF527C19A37BD8003E2EBC /* NonNetworkedStackOverflowCommunicator.m */,
			);
			path = Mocks;
			sourceTree = "<group>";
		};
		25CF7FB11906C6C200012DE1 /* Model */ = {
			isa = PBXGroup;
			children = (
				B73A303CFC498F5B20B4D5DE /* Topic.m */,
				B73A32BED2882B69612096CE /* Topic.h */,
				B73A3A6E01B59E49661702C0 /* Question.h */,
				B73A3B872AEDE0E5DF1231FB /* Question.m */,
				B73A36FBA2C807280D3D945B /* Person.m */,
				B73A3066E9BFA0CBDC133F73 /* Person.h */,
				B73A325ACB0533F5877EC7DB /* Answer.h */,
				B73A3B15552495635024A2D7 /* Answer.m */,
			);
			path = Model;
			sourceTree = "<group>";
		};
		B73A31E83720AE64B7ECB391 /* Products */ = {
			isa = PBXGroup;
			children = (
				B73A3D306B17DB7E5331A4A8 /* BrowseOverflow.app */,
				B73A3872E6467705862F4395 /* BrowseOverflowTests.xctest */,
			);
			name = Products;
			sourceTree = "<group>";
		};
		B73A363DFF44ECBEAAA8ABEB /* BrowseOverflowTests */ = {
			isa = PBXGroup;
			children = (
				25AEC9FB192E1FD60076E1B7 /* TopicTests.m */,
				B73A3FE0E936FC5BCD788822 /* Supporting Files */,
				B73A3920519105ABB6688C3F /* QuestionTests.m */,
				B73A3EFEB22E1C28A3BD01FC /* PersonTests.m */,
				B73A3C995F902056B8063B21 /* AnswerTests.m */,
				25CF7FAB1906C49D00012DE1 /* QuestionCreationWorkflowTests.m */,
				25A4C1AF192CF8A700221A47 /* QuestionBuilderTests.m */,
				2558B59F1973D5290017C029 /* AnswerBuilderTests.m */,
				2558B5A4197407A40017C029 /* PersonBuilderTests.m */,
				2558B5AA197427AE0017C029 /* StackOverflowCommunicatorTests.m */,
			);
			path = BrowseOverflowTests;
			sourceTree = "<group>";
		};
		B73A3878BD78AD1EAD18C84A /* BrowseOverflow */ = {
			isa = PBXGroup;
			children = (
				25ADEC131920D952008FC329 /* Mocks */,
				25ADEC091920D73F008FC329 /* Protocols */,
				25CF7FB11906C6C200012DE1 /* Model */,
				25ADEC0A1920D75E008FC329 /* ViewControllers */,
				25ADEC0B1920D76D008FC329 /* Controllers */,
				B73A3A602CAA6F85BD6FC3A3 /* Supporting Files */,
				B73A3663A8D4C557FCA94BE5 /* BOAppDelegate.h */,
				B73A37D1F53FB50185516499 /* BOAppDelegate.m */,
				B73A3123BEB0E2BE91C503A1 /* Images.xcassets */,
				B73A35431909D93104DF5C1A /* Main.storyboard */,
			);
			path = BrowseOverflow;
			sourceTree = "<group>";
		};
		B73A3A602CAA6F85BD6FC3A3 /* Supporting Files */ = {
			isa = PBXGroup;
			children = (
				B73A3C273F77CF75263965E6 /* BrowseOverflow-Info.plist */,
				B73A3B1AE7AEB059EC6C2CA5 /* InfoPlist.strings */,
				B73A3BEC917BC828C06D9B81 /* main.m */,
				B73A3711660FF6BCC062996A /* BrowseOverflow-Prefix.pch */,
			);
			path = "Supporting Files";
			sourceTree = "<group>";
		};
		B73A3D67AC4ABA41B8D07169 /* Frameworks */ = {
			isa = PBXGroup;
			children = (
				B73A3F63637A236A74701773 /* Foundation.framework */,
				B73A3E6B27A2F5A0AAC2E2C8 /* CoreGraphics.framework */,
				B73A367161A2D68E0D9BD2EB /* UIKit.framework */,
				B73A3BCFFF97A10E68DE64D4 /* XCTest.framework */,
			);
			name = Frameworks;
			sourceTree = "<group>";
		};
		B73A3E45C63810E4B844394B = {
			isa = PBXGroup;
			children = (
				B73A31E83720AE64B7ECB391 /* Products */,
				B73A3D67AC4ABA41B8D07169 /* Frameworks */,
				B73A3878BD78AD1EAD18C84A /* BrowseOverflow */,
				B73A363DFF44ECBEAAA8ABEB /* BrowseOverflowTests */,
			);
			sourceTree = "<group>";
		};
		B73A3FE0E936FC5BCD788822 /* Supporting Files */ = {
			isa = PBXGroup;
			children = (
				B73A39782AFB182492731309 /* BrowseOverflowTests-Info.plist */,
				B73A3F1C3C585A7E5E649ACC /* InfoPlist.strings */,
			);
			path = "Supporting Files";
			sourceTree = "<group>";
		};
/* End PBXGroup section */

/* Begin PBXNativeTarget section */
		B73A3727A5B8057E4CBD260F /* BrowseOverflow */ = {
			isa = PBXNativeTarget;
			buildConfigurationList = B73A39113510842ED63FC71C /* Build configuration list for PBXNativeTarget "BrowseOverflow" */;
			buildPhases = (
				B73A39D1FEA898D16427A7AD /* Sources */,
				B73A366DADE2FB7275C0B9EA /* Frameworks */,
				B73A377D6FAFEEE797CEA814 /* Resources */,
			);
			buildRules = (
			);
			dependencies = (
			);
			name = BrowseOverflow;
			productName = BrowseOverflow;
			productReference = B73A3D306B17DB7E5331A4A8 /* BrowseOverflow.app */;
			productType = "com.apple.product-type.application";
		};
		B73A3BA036E029DA062F4480 /* BrowseOverflowTests */ = {
			isa = PBXNativeTarget;
			buildConfigurationList = B73A30FF8C082C61CDAE6C4C /* Build configuration list for PBXNativeTarget "BrowseOverflowTests" */;
			buildPhases = (
				B73A3E3248D4D3E8994B838C /* Sources */,
				B73A35F13C95EB2C8F057007 /* Frameworks */,
				B73A3EE3B82850F1582802F1 /* Resources */,
			);
			buildRules = (
			);
			dependencies = (
				B73A34FF741633B2BDE93E68 /* PBXTargetDependency */,
			);
			name = BrowseOverflowTests;
			productName = BrowseOverflowTests;
			productReference = B73A3872E6467705862F4395 /* BrowseOverflowTests.xctest */;
			productType = "com.apple.product-type.bundle.unit-test";
		};
/* End PBXNativeTarget section */

/* Begin PBXProject section */
		B73A3A01633EE599942048EA /* Project object */ = {
			isa = PBXProject;
			attributes = {
				ORGANIZATIONNAME = BF;
			};
			buildConfigurationList = B73A37359899E662ACF7CF6B /* Build configuration list for PBXProject "BrowseOverflow" */;
			compatibilityVersion = "Xcode 3.2";
			developmentRegion = English;
			hasScannedForEncodings = 0;
			knownRegions = (
				en,
			);
			mainGroup = B73A3E45C63810E4B844394B;
			productRefGroup = B73A31E83720AE64B7ECB391 /* Products */;
			projectDirPath = "";
			projectRoot = "";
			targets = (
				B73A3727A5B8057E4CBD260F /* BrowseOverflow */,
				B73A3BA036E029DA062F4480 /* BrowseOverflowTests */,
			);
		};
/* End PBXProject section */

/* Begin PBXResourcesBuildPhase section */
		B73A377D6FAFEEE797CEA814 /* Resources */ = {
			isa = PBXResourcesBuildPhase;
			buildActionMask = 2147483647;
			files = (
				B73A33871179301F20D9B40E /* InfoPlist.strings in Resources */,
				B73A339EA8F2823995585CD2 /* Images.xcassets in Resources */,
				B73A3999AB66B4B304D4F780 /* Main.storyboard in Resources */,
			);
			runOnlyForDeploymentPostprocessing = 0;
		};
		B73A3EE3B82850F1582802F1 /* Resources */ = {
			isa = PBXResourcesBuildPhase;
			buildActionMask = 2147483647;
			files = (
				B73A3C499BE23ED00BC45CA5 /* InfoPlist.strings in Resources */,
			);
			runOnlyForDeploymentPostprocessing = 0;
		};
/* End PBXResourcesBuildPhase section */

/* Begin PBXSourcesBuildPhase section */
		B73A39D1FEA898D16427A7AD /* Sources */ = {
			isa = PBXSourcesBuildPhase;
			buildActionMask = 2147483647;
			files = (
				B73A396612F6C20450513C0F /* main.m in Sources */,
				B73A38D49C2FA0E457D9DC94 /* BOAppDelegate.m in Sources */,
				B73A3999670E1A57CD4D7ECB /* BOViewController.m in Sources */,
				B73A3957D33E4F9BD8AD7A50 /* Topic.m in Sources */,
				B73A35F6FA690DDC4EC3E301 /* Question.m in Sources */,
				B73A36DE93CD0EB74E1B489E /* Person.m in Sources */,
				25AD59CA19210B70003DDC36 /* QuestionBuilder.m in Sources */,
				25ADEC111920D948008FC329 /* StackOverflowCommunicator.m in Sources */,
				2558B5A8197407B40017C029 /* PersonBuilder.m in Sources */,
				2558B59E1973D5070017C029 /* AnswerBuilder.m in Sources */,
				25CF7FAF1906C63600012DE1 /* StackOverflowManager.m in Sources */,
				B73A30F911679C2C537FC1BC /* Answer.m in Sources */,
			);
			runOnlyForDeploymentPostprocessing = 0;
		};
		B73A3E3248D4D3E8994B838C /* Sources */ = {
			isa = PBXSourcesBuildPhase;
			buildActionMask = 2147483647;
			files = (
				B73A3029D7E48D392E3F1101 /* Topic.m in Sources */,
				25AD59CE19210BEE003DDC36 /* FakeQuestionBuilder.m in Sources */,
				2558B5AE19742BBD0017C029 /* InspectableStackOverflowCommunicator.m in Sources */,
				25A4C1B0192CF8A700221A47 /* QuestionBuilderTests.m in Sources */,
				B73A3C7CE707349B8EE50FD0 /* QuestionTests.m in Sources */,
				25ADEC161920D977008FC329 /* MockStackOverflowCommunicator.m in Sources */,
				B73A31E9BB18AB1C949DC6AB /* Question.m in Sources */,
				25CF7FB51906C74700012DE1 /* MockStackOverflowManagerDelegate.m in Sources */,
				B73A398FC9D4FCCD1D6FE711 /* PersonTests.m in Sources */,
				2558B5A9197407B40017C029 /* PersonBuilder.m in Sources */,
				B73A3B71E829F817B9E77EE2 /* Person.m in Sources */,
				25AEC9FC192E1FD60076E1B7 /* TopicTests.m in Sources */,
				25CF7FB01906C63600012DE1 /* StackOverflowManager.m in Sources */,
				2558B5AB197427AE0017C029 /* StackOverflowCommunicatorTests.m in Sources */,
				2558B5A5197407A40017C029 /* PersonBuilderTests.m in Sources */,
				2558B5A11973D7A50017C029 /* AnswerBuilder.m in Sources */,
				25CF7FAC1906C49D00012DE1 /* QuestionCreationWorkflowTests.m in Sources */,
				25ADEC121920D948008FC329 /* StackOverflowCommunicator.m in Sources */,
				25AF527D19A37BD8003E2EBC /* NonNetworkedStackOverflowCommunicator.m in Sources */,
				B73A3AB923FDB9ED9DDDD67B /* AnswerTests.m in Sources */,
				2558B5A01973D5290017C029 /* AnswerBuilderTests.m in Sources */,
				25AD59CB19210B70003DDC36 /* QuestionBuilder.m in Sources */,
				B73A374662AFD6CAC39080A1 /* Answer.m in Sources */,
			);
			runOnlyForDeploymentPostprocessing = 0;
		};
/* End PBXSourcesBuildPhase section */

/* Begin PBXTargetDependency section */
		B73A34FF741633B2BDE93E68 /* PBXTargetDependency */ = {
			isa = PBXTargetDependency;
			target = B73A3727A5B8057E4CBD260F /* BrowseOverflow */;
			targetProxy = B73A3C60DEACE703707A750D /* PBXContainerItemProxy */;
		};
/* End PBXTargetDependency section */

/* Begin PBXVariantGroup section */
		B73A35431909D93104DF5C1A /* Main.storyboard */ = {
			isa = PBXVariantGroup;
			children = (
				B73A3080BD4A0156B14D9FBE /* Base */,
			);
			name = Main.storyboard;
			sourceTree = "<group>";
		};
		B73A3B1AE7AEB059EC6C2CA5 /* InfoPlist.strings */ = {
			isa = PBXVariantGroup;
			children = (
				B73A3E74479AE30F03B20A67 /* en */,
			);
			name = InfoPlist.strings;
			sourceTree = "<group>";
		};
		B73A3F1C3C585A7E5E649ACC /* InfoPlist.strings */ = {
			isa = PBXVariantGroup;
			children = (
				B73A382EBDBC6067FB9B1284 /* en */,
			);
			name = InfoPlist.strings;
			sourceTree = "<group>";
		};
/* End PBXVariantGroup section */

/* Begin XCBuildConfiguration section */
		B73A30E0234D9C8421326A77 /* Release */ = {
			isa = XCBuildConfiguration;
			buildSettings = {
				ASSETCATALOG_COMPILER_APPICON_NAME = AppIcon;
				ASSETCATALOG_COMPILER_LAUNCHIMAGE_NAME = LaunchImage;
				GCC_PRECOMPILE_PREFIX_HEADER = YES;
				GCC_PREFIX_HEADER = "BrowseOverflow/Supporting Files/BrowseOverflow-Prefix.pch";
				INFOPLIST_FILE = "BrowseOverflow/Supporting Files/BrowseOverflow-Info.plist";
				PRODUCT_NAME = "$(TARGET_NAME)";
				WRAPPER_EXTENSION = app;
			};
			name = Release;
		};
		B73A3457A45F3BCEDFF34B08 /* Debug */ = {
			isa = XCBuildConfiguration;
			buildSettings = {
				ASSETCATALOG_COMPILER_APPICON_NAME = AppIcon;
				ASSETCATALOG_COMPILER_LAUNCHIMAGE_NAME = LaunchImage;
				GCC_PRECOMPILE_PREFIX_HEADER = YES;
				GCC_PREFIX_HEADER = "BrowseOverflow/Supporting Files/BrowseOverflow-Prefix.pch";
				INFOPLIST_FILE = "BrowseOverflow/Supporting Files/BrowseOverflow-Info.plist";
				PRODUCT_NAME = "$(TARGET_NAME)";
				WRAPPER_EXTENSION = app;
			};
			name = Debug;
		};
		B73A35BEFA2B256C6922C404 /* Release */ = {
			isa = XCBuildConfiguration;
			buildSettings = {
				ALWAYS_SEARCH_USER_PATHS = NO;
				CLANG_CXX_LANGUAGE_STANDARD = "gnu++0x";
				CLANG_CXX_LIBRARY = "libc++";
				CLANG_ENABLE_MODULES = YES;
				CLANG_ENABLE_OBJC_ARC = YES;
				CLANG_WARN_BOOL_CONVERSION = YES;
				CLANG_WARN_CONSTANT_CONVERSION = YES;
				CLANG_WARN_DIRECT_OBJC_ISA_USAGE = YES_ERROR;
				CLANG_WARN_EMPTY_BODY = YES;
				CLANG_WARN_ENUM_CONVERSION = YES;
				CLANG_WARN_INT_CONVERSION = YES;
				CLANG_WARN_OBJC_ROOT_CLASS = YES_ERROR;
				CLANG_WARN__DUPLICATE_METHOD_MATCH = YES;
				"CODE_SIGN_IDENTITY[sdk=iphoneos*]" = "iPhone Developer";
				COPY_PHASE_STRIP = YES;
				ENABLE_NS_ASSERTIONS = NO;
				GCC_C_LANGUAGE_STANDARD = gnu99;
				GCC_WARN_64_TO_32_BIT_CONVERSION = YES;
				GCC_WARN_ABOUT_RETURN_TYPE = YES_ERROR;
				GCC_WARN_UNDECLARED_SELECTOR = YES;
				GCC_WARN_UNINITIALIZED_AUTOS = YES_AGGRESSIVE;
				GCC_WARN_UNUSED_FUNCTION = YES;
				GCC_WARN_UNUSED_VARIABLE = YES;
				IPHONEOS_DEPLOYMENT_TARGET = 7.1;
				SDKROOT = iphoneos;
				VALIDATE_PRODUCT = YES;
			};
			name = Release;
		};
		B73A362A560FB9BD22BCE941 /* Debug */ = {
			isa = XCBuildConfiguration;
			buildSettings = {
				FRAMEWORK_SEARCH_PATHS = (
					"$(SDKROOT)/Developer/Library/Frameworks",
					"$(inherited)",
				);
				GCC_PRECOMPILE_PREFIX_HEADER = YES;
				GCC_PREFIX_HEADER = "BrowseOverflow/Supporting Files/BrowseOverflow-Prefix.pch";
				INFOPLIST_FILE = "BrowseOverflowTests/Supporting Files/BrowseOverflowTests-Info.plist";
				PRODUCT_NAME = "$(TARGET_NAME)";
				WRAPPER_EXTENSION = xctest;
			};
			name = Debug;
		};
		B73A3971703CC69A5CA030C8 /* Debug */ = {
			isa = XCBuildConfiguration;
			buildSettings = {
				ALWAYS_SEARCH_USER_PATHS = NO;
				CLANG_CXX_LANGUAGE_STANDARD = "gnu++0x";
				CLANG_CXX_LIBRARY = "libc++";
				CLANG_ENABLE_MODULES = YES;
				CLANG_ENABLE_OBJC_ARC = YES;
				CLANG_WARN_BOOL_CONVERSION = YES;
				CLANG_WARN_CONSTANT_CONVERSION = YES;
				CLANG_WARN_DIRECT_OBJC_ISA_USAGE = YES_ERROR;
				CLANG_WARN_EMPTY_BODY = YES;
				CLANG_WARN_ENUM_CONVERSION = YES;
				CLANG_WARN_INT_CONVERSION = YES;
				CLANG_WARN_OBJC_ROOT_CLASS = YES_ERROR;
				CLANG_WARN__DUPLICATE_METHOD_MATCH = YES;
				"CODE_SIGN_IDENTITY[sdk=iphoneos*]" = "iPhone Developer";
				COPY_PHASE_STRIP = NO;
				GCC_C_LANGUAGE_STANDARD = gnu99;
				GCC_DYNAMIC_NO_PIC = NO;
				GCC_OPTIMIZATION_LEVEL = 0;
				GCC_PREPROCESSOR_DEFINITIONS = (
					"DEBUG=1",
					"$(inherited)",
				);
				GCC_SYMBOLS_PRIVATE_EXTERN = NO;
				GCC_WARN_64_TO_32_BIT_CONVERSION = YES;
				GCC_WARN_ABOUT_RETURN_TYPE = YES_ERROR;
				GCC_WARN_UNDECLARED_SELECTOR = YES;
				GCC_WARN_UNINITIALIZED_AUTOS = YES_AGGRESSIVE;
				GCC_WARN_UNUSED_FUNCTION = YES;
				GCC_WARN_UNUSED_VARIABLE = YES;
				IPHONEOS_DEPLOYMENT_TARGET = 7.1;
				ONLY_ACTIVE_ARCH = YES;
				SDKROOT = iphoneos;
			};
			name = Debug;
		};
		B73A39F46D5148BD101FC066 /* Release */ = {
			isa = XCBuildConfiguration;
			buildSettings = {
				FRAMEWORK_SEARCH_PATHS = (
					"$(SDKROOT)/Developer/Library/Frameworks",
					"$(inherited)",
				);
				GCC_PRECOMPILE_PREFIX_HEADER = YES;
				GCC_PREFIX_HEADER = "BrowseOverflow/Supporting Files/BrowseOverflow-Prefix.pch";
				INFOPLIST_FILE = "BrowseOverflowTests/Supporting Files/BrowseOverflowTests-Info.plist";
				PRODUCT_NAME = "$(TARGET_NAME)";
				WRAPPER_EXTENSION = xctest;
			};
			name = Release;
		};
/* End XCBuildConfiguration section */

/* Begin XCConfigurationList section */
		B73A30FF8C082C61CDAE6C4C /* Build configuration list for PBXNativeTarget "BrowseOverflowTests" */ = {
			isa = XCConfigurationList;
			buildConfigurations = (
				B73A39F46D5148BD101FC066 /* Release */,
				B73A362A560FB9BD22BCE941 /* Debug */,
			);
			defaultConfigurationIsVisible = 0;
			defaultConfigurationName = Release;
		};
		B73A37359899E662ACF7CF6B /* Build configuration list for PBXProject "BrowseOverflow" */ = {
			isa = XCConfigurationList;
			buildConfigurations = (
				B73A35BEFA2B256C6922C404 /* Release */,
				B73A3971703CC69A5CA030C8 /* Debug */,
			);
			defaultConfigurationIsVisible = 0;
			defaultConfigurationName = Release;
		};
		B73A39113510842ED63FC71C /* Build configuration list for PBXNativeTarget "BrowseOverflow" */ = {
			isa = XCConfigurationList;
			buildConfigurations = (
				B73A30E0234D9C8421326A77 /* Release */,
				B73A3457A45F3BCEDFF34B08 /* Debug */,
			);
			defaultConfigurationIsVisible = 0;
			defaultConfigurationName = Release;
		};
/* End XCConfigurationList section */
	};
	rootObject = B73A3A01633EE599942048EA /* Project object */;
}
