<?xml version="1.0" encoding="UTF-8"?>
<Scheme
   version = "1.3">
   <BuildAction>
      <BuildActionEntries>
         <BuildActionEntry
            buildForRunning = "YES">
            <BuildableReference
               BuildableIdentifier = "primary"
               BlueprintIdentifier = "B73A3727A5B8057E4CBD260F"
               BuildableName = "BrowseOverflow.app"
               BlueprintName = "BrowseOverflow"
               ReferencedContainer = "container:BrowseOverflow.xcodeproj">
            </BuildableReference>
         </BuildActionEntry>
      </BuildActionEntries>
   </BuildAction>
   <LaunchAction
      useCustomWorkingDirectory = "NO"
      buildConfiguration = "Debug">
      <BuildableProductRunnable>
         <BuildableReference
            BuildableIdentifier = "primary"
            BlueprintIdentifier = "B73A3727A5B8057E4CBD260F"
            BuildableName = "BrowseOverflow.app"
            BlueprintName = "BrowseOverflow"
            ReferencedContainer = "container:BrowseOverflow.xcodeproj">
         </BuildableReference>
      </BuildableProductRunnable>
   </LaunchAction>
</Scheme>
